
Microsoft Visual Studio Solution File, Format Version 12.00
# Visual Studio Express 2013 for Windows Desktop
VisualStudioVersion = 12.0.21005.1
MinimumVisualStudioVersion = 10.0.40219.1
Project("{FAE04EC0-301F-11D3-BF4B-00C04F79EFBC}") = "xml", "xml\xml.csproj", "{EC16B6EA-5BD2-48AA-9788-0F3C588FB5AD}"
EndProject
Project("{FAE04EC0-301F-11D3-BF4B-00C04F79EFBC}") = "xmlread", "C:\Users\Public\Nwt\cache\recv\rj250811\xmlread\xmlread\xmlread.csproj", "{A96B992A-ECD9-4167-A664-0ED30B850481}"
EndProject
Global
	GlobalSection(SolutionConfigurationPlatforms) = preSolution
		Debug|Any CPU = Debug|Any CPU
		Release|Any CPU = Release|Any CPU
	EndGlobalSection
	GlobalSection(ProjectConfigurationPlatforms) = postSolution
		{EC16B6EA-5BD2-48AA-9788-0F3C588FB5AD}.Debug|Any CPU.ActiveCfg = Debug|Any CPU
		{EC16B6EA-5BD2-48AA-9788-0F3C588FB5AD}.Debug|Any CPU.Build.0 = Debug|Any CPU
		{EC16B6EA-5BD2-48AA-9788-0F3C588FB5AD}.Release|Any CPU.ActiveCfg = Release|Any CPU
		{EC16B6EA-5BD2-48AA-9788-0F3C588FB5AD}.Release|Any CPU.Build.0 = Release|Any CPU
		{A96B992A-ECD9-4167-A664-0ED30B850481}.Debug|Any CPU.ActiveCfg = Debug|Any CPU
		{A96B992A-ECD9-4167-A664-0ED30B850481}.Debug|Any CPU.Build.0 = Debug|Any CPU
		{A96B992A-ECD9-4167-A664-0ED30B850481}.Release|Any CPU.ActiveCfg = Release|Any CPU
		{A96B992A-ECD9-4167-A664-0ED30B850481}.Release|Any CPU.Build.0 = Release|Any CPU
	EndGlobalSection
	GlobalSection(SolutionProperties) = preSolution
		HideSolutionNode = FALSE
	EndGlobalSection
EndGlobal
